
Microsoft Visual Studio Solution File, Format Version 12.00
# Visual Studio Version 17
VisualStudioVersion = 17.2.32602.215
MinimumVisualStudioVersion = 10.0.40219.1
Project("{FAE04EC0-301F-11D3-BF4B-00C04F79EFBC}") = "APIListaContatos", "APIListaContatos\APIListaContatos.csproj", "{F57F5ACA-613C-4764-BB23-1178592C86D0}"
EndProject
Global
	GlobalSection(SolutionConfigurationPlatforms) = preSolution
		Debug|Any CPU = Debug|Any CPU
		Release|Any CPU = Release|Any CPU
	EndGlobalSection
	GlobalSection(ProjectConfigurationPlatforms) = postSolution
		{F57F5ACA-613C-4764-BB23-1178592C86D0}.Debug|Any CPU.ActiveCfg = Debug|Any CPU
		{F57F5ACA-613C-4764-BB23-1178592C86D0}.Debug|Any CPU.Build.0 = Debug|Any CPU
		{F57F5ACA-613C-4764-BB23-1178592C86D0}.Release|Any CPU.ActiveCfg = Release|Any CPU
		{F57F5ACA-613C-4764-BB23-1178592C86D0}.Release|Any CPU.Build.0 = Release|Any CPU
	EndGlobalSection
	GlobalSection(SolutionProperties) = preSolution
		HideSolutionNode = FALSE
	EndGlobalSection
	GlobalSection(ExtensibilityGlobals) = postSolution
		SolutionGuid = {C342B8B4-5844-4676-873E-F6C5713D0B94}
	EndGlobalSection
EndGlobal
